
Microsoft Visual Studio Solution File, Format Version 12.00
# Visual Studio 15
VisualStudioVersion = 15.0.27004.2005
MinimumVisualStudioVersion = 10.0.40219.1
Project("{FAE04EC0-301F-11D3-BF4B-00C04F79EFBC}") = "TheWorld", "TheWorld\TheWorld.csproj", "{F49FCC56-C81A-4A8C-B354-5DAA8471AAA6}"
EndProject
Global
	GlobalSection(SolutionConfigurationPlatforms) = preSolution
		Debug|Any CPU = Debug|Any CPU
		Release|Any CPU = Release|Any CPU
	EndGlobalSection
	GlobalSection(ProjectConfigurationPlatforms) = postSolution
		{F49FCC56-C81A-4A8C-B354-5DAA8471AAA6}.Debug|Any CPU.ActiveCfg = Debug|Any CPU
		{F49FCC56-C81A-4A8C-B354-5DAA8471AAA6}.Debug|Any CPU.Build.0 = Debug|Any CPU
		{F49FCC56-C81A-4A8C-B354-5DAA8471AAA6}.Release|Any CPU.ActiveCfg = Release|Any CPU
		{F49FCC56-C81A-4A8C-B354-5DAA8471AAA6}.Release|Any CPU.Build.0 = Release|Any CPU
	EndGlobalSection
	GlobalSection(SolutionProperties) = preSolution
		HideSolutionNode = FALSE
	EndGlobalSection
	GlobalSection(ExtensibilityGlobals) = postSolution
		SolutionGuid = {B0D556FF-4FFF-4F74-9190-7F4008022673}
	EndGlobalSection
EndGlobal
